
Microsoft Visual Studio Solution File, Format Version 12.00
# Visual Studio 15
VisualStudioVersion = 15.0.26124.0
MinimumVisualStudioVersion = 15.0.26124.0
Project("{FAE04EC0-301F-11D3-BF4B-00C04F79EFBC}") = "Chatty.Api", "Chatty.Api\Chatty.Api.csproj", "{D90F11E4-9858-4BB7-8889-D476B3F6FEBC}"
EndProject
Global
	GlobalSection(SolutionConfigurationPlatforms) = preSolution
		Debug|Any CPU = Debug|Any CPU
		Debug|x64 = Debug|x64
		Debug|x86 = Debug|x86
		Release|Any CPU = Release|Any CPU
		Release|x64 = Release|x64
		Release|x86 = Release|x86
	EndGlobalSection
	GlobalSection(SolutionProperties) = preSolution
		HideSolutionNode = FALSE
	EndGlobalSection
	GlobalSection(ProjectConfigurationPlatforms) = postSolution
		{D90F11E4-9858-4BB7-8889-D476B3F6FEBC}.Debug|Any CPU.ActiveCfg = Debug|Any CPU
		{D90F11E4-9858-4BB7-8889-D476B3F6FEBC}.Debug|Any CPU.Build.0 = Debug|Any CPU
		{D90F11E4-9858-4BB7-8889-D476B3F6FEBC}.Debug|x64.ActiveCfg = Debug|Any CPU
		{D90F11E4-9858-4BB7-8889-D476B3F6FEBC}.Debug|x64.Build.0 = Debug|Any CPU
		{D90F11E4-9858-4BB7-8889-D476B3F6FEBC}.Debug|x86.ActiveCfg = Debug|Any CPU
		{D90F11E4-9858-4BB7-8889-D476B3F6FEBC}.Debug|x86.Build.0 = Debug|Any CPU
		{D90F11E4-9858-4BB7-8889-D476B3F6FEBC}.Release|Any CPU.ActiveCfg = Release|Any CPU
		{D90F11E4-9858-4BB7-8889-D476B3F6FEBC}.Release|Any CPU.Build.0 = Release|Any CPU
		{D90F11E4-9858-4BB7-8889-D476B3F6FEBC}.Release|x64.ActiveCfg = Release|Any CPU
		{D90F11E4-9858-4BB7-8889-D476B3F6FEBC}.Release|x64.Build.0 = Release|Any CPU
		{D90F11E4-9858-4BB7-8889-D476B3F6FEBC}.Release|x86.ActiveCfg = Release|Any CPU
		{D90F11E4-9858-4BB7-8889-D476B3F6FEBC}.Release|x86.Build.0 = Release|Any CPU
	EndGlobalSection
EndGlobal
